// !$*UTF8*$!
{
	archiveVersion = 1;
	classes = {
	};
	objectVersion = 46;
	objects = {

/* Begin PBXBuildFile section */
		F3C6801C18F9A0E10092D6D8 /* Foundation.framework in Frameworks */ = {isa = PBXBuildFile; fileRef = F3C6801B18F9A0E10092D6D8 /* Foundation.framework */; };
		F3C6801E18F9A0E10092D6D8 /* CoreGraphics.framework in Frameworks */ = {isa = PBXBuildFile; fileRef = F3C6801D18F9A0E10092D6D8 /* CoreGraphics.framework */; };
		F3C6802018F9A0E10092D6D8 /* UIKit.framework in Frameworks */ = {isa = PBXBuildFile; fileRef = F3C6801F18F9A0E10092D6D8 /* UIKit.framework */; };
		F3C6802618F9A0E10092D6D8 /* InfoPlist.strings in Resources */ = {isa = PBXBuildFile; fileRef = F3C6802418F9A0E10092D6D8 /* InfoPlist.strings */; };
		F3C6802818F9A0E10092D6D8 /* main.m in Sources */ = {isa = PBXBuildFile; fileRef = F3C6802718F9A0E10092D6D8 /* main.m */; };
		F3C6802C18F9A0E10092D6D8 /* AppDelegate.m in Sources */ = {isa = PBXBuildFile; fileRef = F3C6802B18F9A0E10092D6D8 /* AppDelegate.m */; };
		F3C6802F18F9A0E10092D6D8 /* Main_iPhone.storyboard in Resources */ = {isa = PBXBuildFile; fileRef = F3C6802D18F9A0E10092D6D8 /* Main_iPhone.storyboard */; };
		F3C6803218F9A0E10092D6D8 /* Main_iPad.storyboard in Resources */ = {isa = PBXBuildFile; fileRef = F3C6803018F9A0E10092D6D8 /* Main_iPad.storyboard */; };
		F3C6803518F9A0E10092D6D8 /* ViewController.m in Sources */ = {isa = PBXBuildFile; fileRef = F3C6803418F9A0E10092D6D8 /* ViewController.m */; };
		F3C6803718F9A0E10092D6D8 /* Images.xcassets in Resources */ = {isa = PBXBuildFile; fileRef = F3C6803618F9A0E10092D6D8 /* Images.xcassets */; };
		F3C6803E18F9A0E10092D6D8 /* XCTest.framework in Frameworks */ = {isa = PBXBuildFile; fileRef = F3C6803D18F9A0E10092D6D8 /* XCTest.framework */; };
		F3C6803F18F9A0E10092D6D8 /* Foundation.framework in Frameworks */ = {isa = PBXBuildFile; fileRef = F3C6801B18F9A0E10092D6D8 /* Foundation.framework */; };
		F3C6804018F9A0E10092D6D8 /* UIKit.framework in Frameworks */ = {isa = PBXBuildFile; fileRef = F3C6801F18F9A0E10092D6D8 /* UIKit.framework */; };
		F3C6804818F9A0E10092D6D8 /* InfoPlist.strings in Resources */ = {isa = PBXBuildFile; fileRef = F3C6804618F9A0E10092D6D8 /* InfoPlist.strings */; };
		F3C6804A18F9A0E10092D6D8 /* SpaceAppsTests.m in Sources */ = {isa = PBXBuildFile; fileRef = F3C6804918F9A0E10092D6D8 /* SpaceAppsTests.m */; };
/* End PBXBuildFile section */

/* Begin PBXContainerItemProxy section */
		F3C6804118F9A0E10092D6D8 /* PBXContainerItemProxy */ = {
			isa = PBXContainerItemProxy;
			containerPortal = F3C6801018F9A0E10092D6D8 /* Project object */;
			proxyType = 1;
			remoteGlobalIDString = F3C6801718F9A0E10092D6D8;
			remoteInfo = SpaceApps;
		};
/* End PBXContainerItemProxy section */

/* Begin PBXFileReference section */
		F3C6801818F9A0E10092D6D8 /* SpaceApps.app */ = {isa = PBXFileReference; explicitFileType = wrapper.application; includeInIndex = 0; path = SpaceApps.app; sourceTree = BUILT_PRODUCTS_DIR; };
		F3C6801B18F9A0E10092D6D8 /* Foundation.framework */ = {isa = PBXFileReference; lastKnownFileType = wrapper.framework; name = Foundation.framework; path = System/Library/Frameworks/Foundation.framework; sourceTree = SDKROOT; };
		F3C6801D18F9A0E10092D6D8 /* CoreGraphics.framework */ = {isa = PBXFileReference; lastKnownFileType = wrapper.framework; name = CoreGraphics.framework; path = System/Library/Frameworks/CoreGraphics.framework; sourceTree = SDKROOT; };
		F3C6801F18F9A0E10092D6D8 /* UIKit.framework */ = {isa = PBXFileReference; lastKnownFileType = wrapper.framework; name = UIKit.framework; path = System/Library/Frameworks/UIKit.framework; sourceTree = SDKROOT; };
		F3C6802318F9A0E10092D6D8 /* SpaceApps-Info.plist */ = {isa = PBXFileReference; lastKnownFileType = text.plist.xml; path = "SpaceApps-Info.plist"; sourceTree = "<group>"; };
		F3C6802518F9A0E10092D6D8 /* en */ = {isa = PBXFileReference; lastKnownFileType = text.plist.strings; name = en; path = en.lproj/InfoPlist.strings; sourceTree = "<group>"; };
		F3C6802718F9A0E10092D6D8 /* main.m */ = {isa = PBXFileReference; lastKnownFileType = sourcecode.c.objc; path = main.m; sourceTree = "<group>"; };
		F3C6802918F9A0E10092D6D8 /* SpaceApps-Prefix.pch */ = {isa = PBXFileReference; lastKnownFileType = sourcecode.c.h; path = "SpaceApps-Prefix.pch"; sourceTree = "<group>"; };
		F3C6802A18F9A0E10092D6D8 /* AppDelegate.h */ = {isa = PBXFileReference; lastKnownFileType = sourcecode.c.h; path = AppDelegate.h; sourceTree = "<group>"; };
		F3C6802B18F9A0E10092D6D8 /* AppDelegate.m */ = {isa = PBXFileReference; lastKnownFileType = sourcecode.c.objc; path = AppDelegate.m; sourceTree = "<group>"; };
		F3C6802E18F9A0E10092D6D8 /* Base */ = {isa = PBXFileReference; lastKnownFileType = file.storyboard; name = Base; path = Base.lproj/Main_iPhone.storyboard; sourceTree = "<group>"; };
		F3C6803118F9A0E10092D6D8 /* Base */ = {isa = PBXFileReference; lastKnownFileType = file.storyboard; name = Base; path = Base.lproj/Main_iPad.storyboard; sourceTree = "<group>"; };
		F3C6803318F9A0E10092D6D8 /* ViewController.h */ = {isa = PBXFileReference; lastKnownFileType = sourcecode.c.h; path = ViewController.h; sourceTree = "<group>"; };
		F3C6803418F9A0E10092D6D8 /* ViewController.m */ = {isa = PBXFileReference; lastKnownFileType = sourcecode.c.objc; path = ViewController.m; sourceTree = "<group>"; };
		F3C6803618F9A0E10092D6D8 /* Images.xcassets */ = {isa = PBXFileReference; lastKnownFileType = folder.assetcatalog; path = Images.xcassets; sourceTree = "<group>"; };
		F3C6803C18F9A0E10092D6D8 /* SpaceAppsTests.xctest */ = {isa = PBXFileReference; explicitFileType = wrapper.cfbundle; includeInIndex = 0; path = SpaceAppsTests.xctest; sourceTree = BUILT_PRODUCTS_DIR; };
		F3C6803D18F9A0E10092D6D8 /* XCTest.framework */ = {isa = PBXFileReference; lastKnownFileType = wrapper.framework; name = XCTest.framework; path = Library/Frameworks/XCTest.framework; sourceTree = DEVELOPER_DIR; };
		F3C6804518F9A0E10092D6D8 /* SpaceAppsTests-Info.plist */ = {isa = PBXFileReference; lastKnownFileType = text.plist.xml; path = "SpaceAppsTests-Info.plist"; sourceTree = "<group>"; };
		F3C6804718F9A0E10092D6D8 /* en */ = {isa = PBXFileReference; lastKnownFileType = text.plist.strings; name = en; path = en.lproj/InfoPlist.strings; sourceTree = "<group>"; };
		F3C6804918F9A0E10092D6D8 /* SpaceAppsTests.m */ = {isa = PBXFileReference; lastKnownFileType = sourcecode.c.objc; path = SpaceAppsTests.m; sourceTree = "<group>"; };
/* End PBXFileReference section */

/* Begin PBXFrameworksBuildPhase section */
		F3C6801518F9A0E10092D6D8 /* Frameworks */ = {
			isa = PBXFrameworksBuildPhase;
			buildActionMask = 2147483647;
			files = (
				F3C6801E18F9A0E10092D6D8 /* CoreGraphics.framework in Frameworks */,
				F3C6802018F9A0E10092D6D8 /* UIKit.framework in Frameworks */,
				F3C6801C18F9A0E10092D6D8 /* Foundation.framework in Frameworks */,
			);
			runOnlyForDeploymentPostprocessing = 0;
		};
		F3C6803918F9A0E10092D6D8 /* Frameworks */ = {
			isa = PBXFrameworksBuildPhase;
			buildActionMask = 2147483647;
			files = (
				F3C6803E18F9A0E10092D6D8 /* XCTest.framework in Frameworks */,
				F3C6804018F9A0E10092D6D8 /* UIKit.framework in Frameworks */,
				F3C6803F18F9A0E10092D6D8 /* Foundation.framework in Frameworks */,
			);
			runOnlyForDeploymentPostprocessing = 0;
		};
/* End PBXFrameworksBuildPhase section */

/* Begin PBXGroup section */
		F3C6800F18F9A0E10092D6D8 = {
			isa = PBXGroup;
			children = (
				F3C6802118F9A0E10092D6D8 /* SpaceApps */,
				F3C6804318F9A0E10092D6D8 /* SpaceAppsTests */,
				F3C6801A18F9A0E10092D6D8 /* Frameworks */,
				F3C6801918F9A0E10092D6D8 /* Products */,
			);
			sourceTree = "<group>";
		};
		F3C6801918F9A0E10092D6D8 /* Products */ = {
			isa = PBXGroup;
			children = (
				F3C6801818F9A0E10092D6D8 /* SpaceApps.app */,
				F3C6803C18F9A0E10092D6D8 /* SpaceAppsTests.xctest */,
			);
			name = Products;
			sourceTree = "<group>";
		};
		F3C6801A18F9A0E10092D6D8 /* Frameworks */ = {
			isa = PBXGroup;
			children = (
				F3C6801B18F9A0E10092D6D8 /* Foundation.framework */,
				F3C6801D18F9A0E10092D6D8 /* CoreGraphics.framework */,
				F3C6801F18F9A0E10092D6D8 /* UIKit.framework */,
				F3C6803D18F9A0E10092D6D8 /* XCTest.framework */,
			);
			name = Frameworks;
			sourceTree = "<group>";
		};
		F3C6802118F9A0E10092D6D8 /* SpaceApps */ = {
			isa = PBXGroup;
			children = (
				F3C6802A18F9A0E10092D6D8 /* AppDelegate.h */,
				F3C6802B18F9A0E10092D6D8 /* AppDelegate.m */,
				F3C6802D18F9A0E10092D6D8 /* Main_iPhone.storyboard */,
				F3C6803018F9A0E10092D6D8 /* Main_iPad.storyboard */,
				F3C6803318F9A0E10092D6D8 /* ViewController.h */,
				F3C6803418F9A0E10092D6D8 /* ViewController.m */,
				F3C6803618F9A0E10092D6D8 /* Images.xcassets */,
				F3C6802218F9A0E10092D6D8 /* Supporting Files */,
			);
			path = SpaceApps;
			sourceTree = "<group>";
		};
		F3C6802218F9A0E10092D6D8 /* Supporting Files */ = {
			isa = PBXGroup;
			children = (
				F3C6802318F9A0E10092D6D8 /* SpaceApps-Info.plist */,
				F3C6802418F9A0E10092D6D8 /* InfoPlist.strings */,
				F3C6802718F9A0E10092D6D8 /* main.m */,
				F3C6802918F9A0E10092D6D8 /* SpaceApps-Prefix.pch */,
			);
			name = "Supporting Files";
			sourceTree = "<group>";
		};
		F3C6804318F9A0E10092D6D8 /* SpaceAppsTests */ = {
			isa = PBXGroup;
			children = (
				F3C6804918F9A0E10092D6D8 /* SpaceAppsTests.m */,
				F3C6804418F9A0E10092D6D8 /* Supporting Files */,
			);
			path = SpaceAppsTests;
			sourceTree = "<group>";
		};
		F3C6804418F9A0E10092D6D8 /* Supporting Files */ = {
			isa = PBXGroup;
			children = (
				F3C6804518F9A0E10092D6D8 /* SpaceAppsTests-Info.plist */,
				F3C6804618F9A0E10092D6D8 /* InfoPlist.strings */,
			);
			name = "Supporting Files";
			sourceTree = "<group>";
		};
/* End PBXGroup section */

/* Begin PBXNativeTarget section */
		F3C6801718F9A0E10092D6D8 /* SpaceApps */ = {
			isa = PBXNativeTarget;
			buildConfigurationList = F3C6804D18F9A0E10092D6D8 /* Build configuration list for PBXNativeTarget "SpaceApps" */;
			buildPhases = (
				F3C6801418F9A0E10092D6D8 /* Sources */,
				F3C6801518F9A0E10092D6D8 /* Frameworks */,
				F3C6801618F9A0E10092D6D8 /* Resources */,
			);
			buildRules = (
			);
			dependencies = (
			);
			name = SpaceApps;
			productName = SpaceApps;
			productReference = F3C6801818F9A0E10092D6D8 /* SpaceApps.app */;
			productType = "com.apple.product-type.application";
		};
		F3C6803B18F9A0E10092D6D8 /* SpaceAppsTests */ = {
			isa = PBXNativeTarget;
			buildConfigurationList = F3C6805018F9A0E10092D6D8 /* Build configuration list for PBXNativeTarget "SpaceAppsTests" */;
			buildPhases = (
				F3C6803818F9A0E10092D6D8 /* Sources */,
				F3C6803918F9A0E10092D6D8 /* Frameworks */,
				F3C6803A18F9A0E10092D6D8 /* Resources */,
			);
			buildRules = (
			);
			dependencies = (
				F3C6804218F9A0E10092D6D8 /* PBXTargetDependency */,
			);
			name = SpaceAppsTests;
			productName = SpaceAppsTests;
			productReference = F3C6803C18F9A0E10092D6D8 /* SpaceAppsTests.xctest */;
			productType = "com.apple.product-type.bundle.unit-test";
		};
/* End PBXNativeTarget section */

/* Begin PBXProject section */
		F3C6801018F9A0E10092D6D8 /* Project object */ = {
			isa = PBXProject;
			attributes = {
				LastUpgradeCheck = 0510;
				ORGANIZATIONNAME = "Carlos Castellanos";
				TargetAttributes = {
					F3C6803B18F9A0E10092D6D8 = {
						TestTargetID = F3C6801718F9A0E10092D6D8;
					};
				};
			};
			buildConfigurationList = F3C6801318F9A0E10092D6D8 /* Build configuration list for PBXProject "SpaceApps" */;
			compatibilityVersion = "Xcode 3.2";
			developmentRegion = English;
			hasScannedForEncodings = 0;
			knownRegions = (
				en,
				Base,
			);
			mainGroup = F3C6800F18F9A0E10092D6D8;
			productRefGroup = F3C6801918F9A0E10092D6D8 /* Products */;
			projectDirPath = "";
			projectRoot = "";
			targets = (
				F3C6801718F9A0E10092D6D8 /* SpaceApps */,
				F3C6803B18F9A0E10092D6D8 /* SpaceAppsTests */,
			);
		};
/* End PBXProject section */

/* Begin PBXResourcesBuildPhase section */
		F3C6801618F9A0E10092D6D8 /* Resources */ = {
			isa = PBXResourcesBuildPhase;
			buildActionMask = 2147483647;
			files = (
				F3C6803218F9A0E10092D6D8 /* Main_iPad.storyboard in Resources */,
				F3C6803718F9A0E10092D6D8 /* Images.xcassets in Resources */,
				F3C6802F18F9A0E10092D6D8 /* Main_iPhone.storyboard in Resources */,
				F3C6802618F9A0E10092D6D8 /* InfoPlist.strings in Resources */,
			);
			runOnlyForDeploymentPostprocessing = 0;
		};
		F3C6803A18F9A0E10092D6D8 /* Resources */ = {
			isa = PBXResourcesBuildPhase;
			buildActionMask = 2147483647;
			files = (
				F3C6804818F9A0E10092D6D8 /* InfoPlist.strings in Resources */,
			);
			runOnlyForDeploymentPostprocessing = 0;
		};
/* End PBXResourcesBuildPhase section */

/* Begin PBXSourcesBuildPhase section */
		F3C6801418F9A0E10092D6D8 /* Sources */ = {
			isa = PBXSourcesBuildPhase;
			buildActionMask = 2147483647;
			files = (
				F3C6803518F9A0E10092D6D8 /* ViewController.m in Sources */,
				F3C6802C18F9A0E10092D6D8 /* AppDelegate.m in Sources */,
				F3C6802818F9A0E10092D6D8 /* main.m in Sources */,
			);
			runOnlyForDeploymentPostprocessing = 0;
		};
		F3C6803818F9A0E10092D6D8 /* Sources */ = {
			isa = PBXSourcesBuildPhase;
			buildActionMask = 2147483647;
			files = (
				F3C6804A18F9A0E10092D6D8 /* SpaceAppsTests.m in Sources */,
			);
			runOnlyForDeploymentPostprocessing = 0;
		};
/* End PBXSourcesBuildPhase section */

/* Begin PBXTargetDependency section */
		F3C6804218F9A0E10092D6D8 /* PBXTargetDependency */ = {
			isa = PBXTargetDependency;
			target = F3C6801718F9A0E10092D6D8 /* SpaceApps */;
			targetProxy = F3C6804118F9A0E10092D6D8 /* PBXContainerItemProxy */;
		};
/* End PBXTargetDependency section */

/* Begin PBXVariantGroup section */
		F3C6802418F9A0E10092D6D8 /* InfoPlist.strings */ = {
			isa = PBXVariantGroup;
			children = (
				F3C6802518F9A0E10092D6D8 /* en */,
			);
			name = InfoPlist.strings;
			sourceTree = "<group>";
		};
		F3C6802D18F9A0E10092D6D8 /* Main_iPhone.storyboard */ = {
			isa = PBXVariantGroup;
			children = (
				F3C6802E18F9A0E10092D6D8 /* Base */,
			);
			name = Main_iPhone.storyboard;
			sourceTree = "<group>";
		};
		F3C6803018F9A0E10092D6D8 /* Main_iPad.storyboard */ = {
			isa = PBXVariantGroup;
			children = (
				F3C6803118F9A0E10092D6D8 /* Base */,
			);
			name = Main_iPad.storyboard;
			sourceTree = "<group>";
		};
		F3C6804618F9A0E10092D6D8 /* InfoPlist.strings */ = {
			isa = PBXVariantGroup;
			children = (
				F3C6804718F9A0E10092D6D8 /* en */,
			);
			name = InfoPlist.strings;
			sourceTree = "<group>";
		};
/* End PBXVariantGroup section */

/* Begin XCBuildConfiguration section */
		F3C6804B18F9A0E10092D6D8 /* Debug */ = {
			isa = XCBuildConfiguration;
			buildSettings = {
				ALWAYS_SEARCH_USER_PATHS = NO;
				CLANG_CXX_LANGUAGE_STANDARD = "gnu++0x";
				CLANG_CXX_LIBRARY = "libc++";
				CLANG_ENABLE_MODULES = YES;
				CLANG_ENABLE_OBJC_ARC = YES;
				CLANG_WARN_BOOL_CONVERSION = YES;
				CLANG_WARN_CONSTANT_CONVERSION = YES;
				CLANG_WARN_DIRECT_OBJC_ISA_USAGE = YES_ERROR;
				CLANG_WARN_EMPTY_BODY = YES;
				CLANG_WARN_ENUM_CONVERSION = YES;
				CLANG_WARN_INT_CONVERSION = YES;
				CLANG_WARN_OBJC_ROOT_CLASS = YES_ERROR;
				CLANG_WARN__DUPLICATE_METHOD_MATCH = YES;
				"CODE_SIGN_IDENTITY[sdk=iphoneos*]" = "iPhone Developer";
				COPY_PHASE_STRIP = NO;
				GCC_C_LANGUAGE_STANDARD = gnu99;
				GCC_DYNAMIC_NO_PIC = NO;
				GCC_OPTIMIZATION_LEVEL = 0;
				GCC_PREPROCESSOR_DEFINITIONS = (
					"DEBUG=1",
					"$(inherited)",
				);
				GCC_SYMBOLS_PRIVATE_EXTERN = NO;
				GCC_WARN_64_TO_32_BIT_CONVERSION = YES;
				GCC_WARN_ABOUT_RETURN_TYPE = YES_ERROR;
				GCC_WARN_UNDECLARED_SELECTOR = YES;
				GCC_WARN_UNINITIALIZED_AUTOS = YES_AGGRESSIVE;
				GCC_WARN_UNUSED_FUNCTION = YES;
				GCC_WARN_UNUSED_VARIABLE = YES;
				IPHONEOS_DEPLOYMENT_TARGET = 7.1;
				ONLY_ACTIVE_ARCH = YES;
				SDKROOT = iphoneos;
				TARGETED_DEVICE_FAMILY = "1,2";
			};
			name = Debug;
		};
		F3C6804C18F9A0E10092D6D8 /* Release */ = {
			isa = XCBuildConfiguration;
			buildSettings = {
				ALWAYS_SEARCH_USER_PATHS = NO;
				CLANG_CXX_LANGUAGE_STANDARD = "gnu++0x";
				CLANG_CXX_LIBRARY = "libc++";
				CLANG_ENABLE_MODULES = YES;
				CLANG_ENABLE_OBJC_ARC = YES;
				CLANG_WARN_BOOL_CONVERSION = YES;
				CLANG_WARN_CONSTANT_CONVERSION = YES;
				CLANG_WARN_DIRECT_OBJC_ISA_USAGE = YES_ERROR;
				CLANG_WARN_EMPTY_BODY = YES;
				CLANG_WARN_ENUM_CONVERSION = YES;
				CLANG_WARN_INT_CONVERSION = YES;
				CLANG_WARN_OBJC_ROOT_CLASS = YES_ERROR;
				CLANG_WARN__DUPLICATE_METHOD_MATCH = YES;
				"CODE_SIGN_IDENTITY[sdk=iphoneos*]" = "iPhone Developer";
				COPY_PHASE_STRIP = YES;
				ENABLE_NS_ASSERTIONS = NO;
				GCC_C_LANGUAGE_STANDARD = gnu99;
				GCC_WARN_64_TO_32_BIT_CONVERSION = YES;
				GCC_WARN_ABOUT_RETURN_TYPE = YES_ERROR;
				GCC_WARN_UNDECLARED_SELECTOR = YES;
				GCC_WARN_UNINITIALIZED_AUTOS = YES_AGGRESSIVE;
				GCC_WARN_UNUSED_FUNCTION = YES;
				GCC_WARN_UNUSED_VARIABLE = YES;
				IPHONEOS_DEPLOYMENT_TARGET = 7.1;
				SDKROOT = iphoneos;
				TARGETED_DEVICE_FAMILY = "1,2";
				VALIDATE_PRODUCT = YES;
			};
			name = Release;
		};
		F3C6804E18F9A0E10092D6D8 /* Debug */ = {
			isa = XCBuildConfiguration;
			buildSettings = {
				ASSETCATALOG_COMPILER_APPICON_NAME = AppIcon;
				ASSETCATALOG_COMPILER_LAUNCHIMAGE_NAME = LaunchImage;
				GCC_PRECOMPILE_PREFIX_HEADER = YES;
				GCC_PREFIX_HEADER = "SpaceApps/SpaceApps-Prefix.pch";
				INFOPLIST_FILE = "SpaceApps/SpaceApps-Info.plist";
				PRODUCT_NAME = "$(TARGET_NAME)";
				WRAPPER_EXTENSION = app;
			};
			name = Debug;
		};
		F3C6804F18F9A0E10092D6D8 /* Release */ = {
			isa = XCBuildConfiguration;
			buildSettings = {
				ASSETCATALOG_COMPILER_APPICON_NAME = AppIcon;
				ASSETCATALOG_COMPILER_LAUNCHIMAGE_NAME = LaunchImage;
				GCC_PRECOMPILE_PREFIX_HEADER = YES;
				GCC_PREFIX_HEADER = "SpaceApps/SpaceApps-Prefix.pch";
				INFOPLIST_FILE = "SpaceApps/SpaceApps-Info.plist";
				PRODUCT_NAME = "$(TARGET_NAME)";
				WRAPPER_EXTENSION = app;
			};
			name = Release;
		};
		F3C6805118F9A0E10092D6D8 /* Debug */ = {
			isa = XCBuildConfiguration;
			buildSettings = {
				BUNDLE_LOADER = "$(BUILT_PRODUCTS_DIR)/SpaceApps.app/SpaceApps";
				FRAMEWORK_SEARCH_PATHS = (
					"$(SDKROOT)/Developer/Library/Frameworks",
					"$(inherited)",
					"$(DEVELOPER_FRAMEWORKS_DIR)",
				);
				GCC_PRECOMPILE_PREFIX_HEADER = YES;
				GCC_PREFIX_HEADER = "SpaceApps/SpaceApps-Prefix.pch";
				GCC_PREPROCESSOR_DEFINITIONS = (
					"DEBUG=1",
					"$(inherited)",
				);
				INFOPLIST_FILE = "SpaceAppsTests/SpaceAppsTests-Info.plist";
				PRODUCT_NAME = "$(TARGET_NAME)";
				TEST_HOST = "$(BUNDLE_LOADER)";
				WRAPPER_EXTENSION = xctest;
			};
			name = Debug;
		};
		F3C6805218F9A0E10092D6D8 /* Release */ = {
			isa = XCBuildConfiguration;
			buildSettings = {
				BUNDLE_LOADER = "$(BUILT_PRODUCTS_DIR)/SpaceApps.app/SpaceApps";
				FRAMEWORK_SEARCH_PATHS = (
					"$(SDKROOT)/Developer/Library/Frameworks",
					"$(inherited)",
					"$(DEVELOPER_FRAMEWORKS_DIR)",
				);
				GCC_PRECOMPILE_PREFIX_HEADER = YES;
				GCC_PREFIX_HEADER = "SpaceApps/SpaceApps-Prefix.pch";
				INFOPLIST_FILE = "SpaceAppsTests/SpaceAppsTests-Info.plist";
				PRODUCT_NAME = "$(TARGET_NAME)";
				TEST_HOST = "$(BUNDLE_LOADER)";
				WRAPPER_EXTENSION = xctest;
			};
			name = Release;
		};
/* End XCBuildConfiguration section */

/* Begin XCConfigurationList section */
		F3C6801318F9A0E10092D6D8 /* Build configuration list for PBXProject "SpaceApps" */ = {
			isa = XCConfigurationList;
			buildConfigurations = (
				F3C6804B18F9A0E10092D6D8 /* Debug */,
				F3C6804C18F9A0E10092D6D8 /* Release */,
			);
			defaultConfigurationIsVisible = 0;
			defaultConfigurationName = Release;
		};
		F3C6804D18F9A0E10092D6D8 /* Build configuration list for PBXNativeTarget "SpaceApps" */ = {
			isa = XCConfigurationList;
			buildConfigurations = (
				F3C6804E18F9A0E10092D6D8 /* Debug */,
				F3C6804F18F9A0E10092D6D8 /* Release */,
			);
			defaultConfigurationIsVisible = 0;
		};
		F3C6805018F9A0E10092D6D8 /* Build configuration list for PBXNativeTarget "SpaceAppsTests" */ = {
			isa = XCConfigurationList;
			buildConfigurations = (
				F3C6805118F9A0E10092D6D8 /* Debug */,
				F3C6805218F9A0E10092D6D8 /* Release */,
			);
			defaultConfigurationIsVisible = 0;
		};
/* End XCConfigurationList section */
	};
	rootObject = F3C6801018F9A0E10092D6D8 /* Project object */;
}
